
Microsoft Visual Studio Solution File, Format Version 12.00
# Visual Studio Version 17
VisualStudioVersion = 17.9.34723.18
MinimumVisualStudioVersion = 10.0.40219.1
Project("{FAE04EC0-301F-11D3-BF4B-00C04F79EFBC}") = "ListadoEmpresas", "ListadoEmpresas\ListadoEmpresas.csproj", "{1DACC9D9-BA48-4756-B6AC-EF5D8BF2E2AF}"
EndProject
Global
	GlobalSection(SolutionConfigurationPlatforms) = preSolution
		Debug|Any CPU = Debug|Any CPU
		Release|Any CPU = Release|Any CPU
	EndGlobalSection
	GlobalSection(ProjectConfigurationPlatforms) = postSolution
		{1DACC9D9-BA48-4756-B6AC-EF5D8BF2E2AF}.Debug|Any CPU.ActiveCfg = Debug|Any CPU
		{1DACC9D9-BA48-4756-B6AC-EF5D8BF2E2AF}.Debug|Any CPU.Build.0 = Debug|Any CPU
		{1DACC9D9-BA48-4756-B6AC-EF5D8BF2E2AF}.Release|Any CPU.ActiveCfg = Release|Any CPU
		{1DACC9D9-BA48-4756-B6AC-EF5D8BF2E2AF}.Release|Any CPU.Build.0 = Release|Any CPU
	EndGlobalSection
	GlobalSection(SolutionProperties) = preSolution
		HideSolutionNode = FALSE
	EndGlobalSection
	GlobalSection(ExtensibilityGlobals) = postSolution
		SolutionGuid = {85DF2A74-2A24-4E31-B09C-C50BA754B555}
	EndGlobalSection
EndGlobal
